
Microsoft Visual Studio Solution File, Format Version 12.00
# Visual Studio Version 16
VisualStudioVersion = 16.0.30804.86
MinimumVisualStudioVersion = 10.0.40219.1
Project("{FAE04EC0-301F-11D3-BF4B-00C04F79EFBC}") = "DiaperJungle", "DiaperJungle\DiaperJungle.csproj", "{FC7310C9-06D2-4F2C-9282-B348CC1248CD}"
EndProject
Global
	GlobalSection(SolutionConfigurationPlatforms) = preSolution
		Debug|Any CPU = Debug|Any CPU
		Release|Any CPU = Release|Any CPU
	EndGlobalSection
	GlobalSection(ProjectConfigurationPlatforms) = postSolution
		{FC7310C9-06D2-4F2C-9282-B348CC1248CD}.Debug|Any CPU.ActiveCfg = Debug|Any CPU
		{FC7310C9-06D2-4F2C-9282-B348CC1248CD}.Debug|Any CPU.Build.0 = Debug|Any CPU
		{FC7310C9-06D2-4F2C-9282-B348CC1248CD}.Release|Any CPU.ActiveCfg = Release|Any CPU
		{FC7310C9-06D2-4F2C-9282-B348CC1248CD}.Release|Any CPU.Build.0 = Release|Any CPU
	EndGlobalSection
	GlobalSection(SolutionProperties) = preSolution
		HideSolutionNode = FALSE
	EndGlobalSection
	GlobalSection(ExtensibilityGlobals) = postSolution
		SolutionGuid = {8E8B3E9B-1E11-4B89-8B6C-E44E0D5004CC}
	EndGlobalSection
EndGlobal
